
Microsoft Visual Studio Solution File, Format Version 12.00
# Visual Studio Version 16
VisualStudioVersion = 16.0.30204.135
MinimumVisualStudioVersion = 10.0.40219.1
Project("{FAE04EC0-301F-11D3-BF4B-00C04F79EFBC}") = "sample_5_7", "sample_5_7\sample_5_7.csproj", "{8E1949D8-F857-429B-B930-731D7D177FAA}"
EndProject
Global
	GlobalSection(SolutionConfigurationPlatforms) = preSolution
		Debug|Any CPU = Debug|Any CPU
		Release|Any CPU = Release|Any CPU
	EndGlobalSection
	GlobalSection(ProjectConfigurationPlatforms) = postSolution
		{8E1949D8-F857-429B-B930-731D7D177FAA}.Debug|Any CPU.ActiveCfg = Debug|Any CPU
		{8E1949D8-F857-429B-B930-731D7D177FAA}.Debug|Any CPU.Build.0 = Debug|Any CPU
		{8E1949D8-F857-429B-B930-731D7D177FAA}.Release|Any CPU.ActiveCfg = Release|Any CPU
		{8E1949D8-F857-429B-B930-731D7D177FAA}.Release|Any CPU.Build.0 = Release|Any CPU
	EndGlobalSection
	GlobalSection(SolutionProperties) = preSolution
		HideSolutionNode = FALSE
	EndGlobalSection
	GlobalSection(ExtensibilityGlobals) = postSolution
		SolutionGuid = {075A0F36-47F1-4474-A6DA-DD5FCAEA6706}
	EndGlobalSection
EndGlobal
